
Microsoft Visual Studio Solution File, Format Version 12.00
# Visual Studio Version 17
VisualStudioVersion = 17.10.35013.160
MinimumVisualStudioVersion = 10.0.40219.1
Project("{9A19103F-16F7-4668-BE54-9A1E7A4F7556}") = "COMPUTECH", "COMPUTECH\COMPUTECH.csproj", "{AE7223E3-C666-4FA7-A7EE-39BE565069F9}"
EndProject
Global
	GlobalSection(SolutionConfigurationPlatforms) = preSolution
		Debug|Any CPU = Debug|Any CPU
		Release|Any CPU = Release|Any CPU
	EndGlobalSection
	GlobalSection(ProjectConfigurationPlatforms) = postSolution
		{AE7223E3-C666-4FA7-A7EE-39BE565069F9}.Debug|Any CPU.ActiveCfg = Debug|Any CPU
		{AE7223E3-C666-4FA7-A7EE-39BE565069F9}.Debug|Any CPU.Build.0 = Debug|Any CPU
		{AE7223E3-C666-4FA7-A7EE-39BE565069F9}.Release|Any CPU.ActiveCfg = Release|Any CPU
		{AE7223E3-C666-4FA7-A7EE-39BE565069F9}.Release|Any CPU.Build.0 = Release|Any CPU
	EndGlobalSection
	GlobalSection(SolutionProperties) = preSolution
		HideSolutionNode = FALSE
	EndGlobalSection
	GlobalSection(ExtensibilityGlobals) = postSolution
		SolutionGuid = {6F734364-1C61-4E9C-936F-AFE30F331621}
	EndGlobalSection
EndGlobal
